
Microsoft Visual Studio Solution File, Format Version 12.00
# Visual Studio Version 17
VisualStudioVersion = 17.0.32112.339
MinimumVisualStudioVersion = 10.0.40219.1
Project("{FAE04EC0-301F-11D3-BF4B-00C04F79EFBC}") = "HWFiliesAndSerilization", "HWFiliesAndSerilization\HWFiliesAndSerilization.csproj", "{9A32AE31-7D77-4D28-A6A2-AED189ED37BA}"
EndProject
Global
	GlobalSection(SolutionConfigurationPlatforms) = preSolution
		Debug|Any CPU = Debug|Any CPU
		Release|Any CPU = Release|Any CPU
	EndGlobalSection
	GlobalSection(ProjectConfigurationPlatforms) = postSolution
		{9A32AE31-7D77-4D28-A6A2-AED189ED37BA}.Debug|Any CPU.ActiveCfg = Debug|Any CPU
		{9A32AE31-7D77-4D28-A6A2-AED189ED37BA}.Debug|Any CPU.Build.0 = Debug|Any CPU
		{9A32AE31-7D77-4D28-A6A2-AED189ED37BA}.Release|Any CPU.ActiveCfg = Release|Any CPU
		{9A32AE31-7D77-4D28-A6A2-AED189ED37BA}.Release|Any CPU.Build.0 = Release|Any CPU
	EndGlobalSection
	GlobalSection(SolutionProperties) = preSolution
		HideSolutionNode = FALSE
	EndGlobalSection
	GlobalSection(ExtensibilityGlobals) = postSolution
		SolutionGuid = {B1E41366-4779-404B-A8DC-85CAF81BBD0E}
	EndGlobalSection
EndGlobal
